
Microsoft Visual Studio Solution File, Format Version 12.00
# Visual Studio 15
VisualStudioVersion = 15.0.28307.489
MinimumVisualStudioVersion = 10.0.40219.1
Project("{9A19103F-16F7-4668-BE54-9A1E7A4F7556}") = "AKTApp", "AKT\AKTApp.csproj", "{A7FF784B-4E20-4C94-9E18-B3E7C144CDC7}"
EndProject
Project("{9A19103F-16F7-4668-BE54-9A1E7A4F7556}") = "AKTTool", "AKTTool\AKTTool.csproj", "{70FFC747-4EBD-48D1-95F2-0DD1E0D6CF58}"
EndProject
Global
	GlobalSection(SolutionConfigurationPlatforms) = preSolution
		Debug|Any CPU = Debug|Any CPU
		Release|Any CPU = Release|Any CPU
	EndGlobalSection
	GlobalSection(ProjectConfigurationPlatforms) = postSolution
		{A7FF784B-4E20-4C94-9E18-B3E7C144CDC7}.Debug|Any CPU.ActiveCfg = Debug|Any CPU
		{A7FF784B-4E20-4C94-9E18-B3E7C144CDC7}.Debug|Any CPU.Build.0 = Debug|Any CPU
		{A7FF784B-4E20-4C94-9E18-B3E7C144CDC7}.Release|Any CPU.ActiveCfg = Release|Any CPU
		{A7FF784B-4E20-4C94-9E18-B3E7C144CDC7}.Release|Any CPU.Build.0 = Release|Any CPU
		{70FFC747-4EBD-48D1-95F2-0DD1E0D6CF58}.Debug|Any CPU.ActiveCfg = Debug|Any CPU
		{70FFC747-4EBD-48D1-95F2-0DD1E0D6CF58}.Debug|Any CPU.Build.0 = Debug|Any CPU
		{70FFC747-4EBD-48D1-95F2-0DD1E0D6CF58}.Release|Any CPU.ActiveCfg = Release|Any CPU
		{70FFC747-4EBD-48D1-95F2-0DD1E0D6CF58}.Release|Any CPU.Build.0 = Release|Any CPU
	EndGlobalSection
	GlobalSection(SolutionProperties) = preSolution
		HideSolutionNode = FALSE
	EndGlobalSection
	GlobalSection(ExtensibilityGlobals) = postSolution
		SolutionGuid = {C8AECCF9-AD51-4A4B-8295-FD5733E06D92}
	EndGlobalSection
EndGlobal
